// !$*UTF8*$!
{
	archiveVersion = 1;
	classes = {
	};
	objectVersion = 55;
	objects = {

/* Begin PBXBuildFile section */
		0119D230278723EE0055DE40 /* CoffeeBreakApp.swift in Sources */ = {isa = PBXBuildFile; fileRef = 0119D22F278723EE0055DE40 /* CoffeeBreakApp.swift */; };
		0119D232278723EE0055DE40 /* ContentView.swift in Sources */ = {isa = PBXBuildFile; fileRef = 0119D231278723EE0055DE40 /* ContentView.swift */; };
		0119D234278723EF0055DE40 /* Assets.xcassets in Resources */ = {isa = PBXBuildFile; fileRef = 0119D233278723EF0055DE40 /* Assets.xcassets */; };
		0119D237278723EF0055DE40 /* Preview Assets.xcassets in Resources */ = {isa = PBXBuildFile; fileRef = 0119D236278723EF0055DE40 /* Preview Assets.xcassets */; };
		0119D241278723EF0055DE40 /* CoffeeBreakTests.swift in Sources */ = {isa = PBXBuildFile; fileRef = 0119D240278723EF0055DE40 /* CoffeeBreakTests.swift */; };
		0119D24B278723EF0055DE40 /* CoffeeBreakUITests.swift in Sources */ = {isa = PBXBuildFile; fileRef = 0119D24A278723EF0055DE40 /* CoffeeBreakUITests.swift */; };
		0119D24D278723EF0055DE40 /* CoffeeBreakUITestsLaunchTests.swift in Sources */ = {isa = PBXBuildFile; fileRef = 0119D24C278723EF0055DE40 /* CoffeeBreakUITestsLaunchTests.swift */; };
		0119D25A278725000055DE40 /* CoffeeItem.swift in Sources */ = {isa = PBXBuildFile; fileRef = 0119D259278725000055DE40 /* CoffeeItem.swift */; };
		0119D25C278725A40055DE40 /* CoffeeMachine.swift in Sources */ = {isa = PBXBuildFile; fileRef = 0119D25B278725A40055DE40 /* CoffeeMachine.swift */; };
		0119D25E2787272F0055DE40 /* Network.swift in Sources */ = {isa = PBXBuildFile; fileRef = 0119D25D2787272F0055DE40 /* Network.swift */; };
		0119D260278837940055DE40 /* FinishedCoffee.swift in Sources */ = {isa = PBXBuildFile; fileRef = 0119D25F278837940055DE40 /* FinishedCoffee.swift */; };
		0119D264278839FE0055DE40 /* FetchedCoffees.json in Resources */ = {isa = PBXBuildFile; fileRef = 0119D263278839FE0055DE40 /* FetchedCoffees.json */; };
		0119D26627883A2A0055DE40 /* MockNetwork.swift in Sources */ = {isa = PBXBuildFile; fileRef = 0119D26527883A2A0055DE40 /* MockNetwork.swift */; };
		0119D26827883FC40055DE40 /* HowManyCoffees.swift in Sources */ = {isa = PBXBuildFile; fileRef = 0119D26727883FC40055DE40 /* HowManyCoffees.swift */; };
/* End PBXBuildFile section */

/* Begin PBXContainerItemProxy section */
		0119D23D278723EF0055DE40 /* PBXContainerItemProxy */ = {
			isa = PBXContainerItemProxy;
			containerPortal = 0119D224278723EE0055DE40 /* Project object */;
			proxyType = 1;
			remoteGlobalIDString = 0119D22B278723EE0055DE40;
			remoteInfo = CoffeeBreak;
		};
		0119D247278723EF0055DE40 /* PBXContainerItemProxy */ = {
			isa = PBXContainerItemProxy;
			containerPortal = 0119D224278723EE0055DE40 /* Project object */;
			proxyType = 1;
			remoteGlobalIDString = 0119D22B278723EE0055DE40;
			remoteInfo = CoffeeBreak;
		};
/* End PBXContainerItemProxy section */

/* Begin PBXFileReference section */
		0119D22C278723EE0055DE40 /* CoffeeBreak.app */ = {isa = PBXFileReference; explicitFileType = wrapper.application; includeInIndex = 0; path = CoffeeBreak.app; sourceTree = BUILT_PRODUCTS_DIR; };
		0119D22F278723EE0055DE40 /* CoffeeBreakApp.swift */ = {isa = PBXFileReference; lastKnownFileType = sourcecode.swift; path = CoffeeBreakApp.swift; sourceTree = "<group>"; };
		0119D231278723EE0055DE40 /* ContentView.swift */ = {isa = PBXFileReference; lastKnownFileType = sourcecode.swift; path = ContentView.swift; sourceTree = "<group>"; };
		0119D233278723EF0055DE40 /* Assets.xcassets */ = {isa = PBXFileReference; lastKnownFileType = folder.assetcatalog; path = Assets.xcassets; sourceTree = "<group>"; };
		0119D236278723EF0055DE40 /* Preview Assets.xcassets */ = {isa = PBXFileReference; lastKnownFileType = folder.assetcatalog; path = "Preview Assets.xcassets"; sourceTree = "<group>"; };
		0119D23C278723EF0055DE40 /* CoffeeBreakTests.xctest */ = {isa = PBXFileReference; explicitFileType = wrapper.cfbundle; includeInIndex = 0; path = CoffeeBreakTests.xctest; sourceTree = BUILT_PRODUCTS_DIR; };
		0119D240278723EF0055DE40 /* CoffeeBreakTests.swift */ = {isa = PBXFileReference; lastKnownFileType = sourcecode.swift; path = CoffeeBreakTests.swift; sourceTree = "<group>"; };
		0119D246278723EF0055DE40 /* CoffeeBreakUITests.xctest */ = {isa = PBXFileReference; explicitFileType = wrapper.cfbundle; includeInIndex = 0; path = CoffeeBreakUITests.xctest; sourceTree = BUILT_PRODUCTS_DIR; };
		0119D24A278723EF0055DE40 /* CoffeeBreakUITests.swift */ = {isa = PBXFileReference; lastKnownFileType = sourcecode.swift; path = CoffeeBreakUITests.swift; sourceTree = "<group>"; };
		0119D24C278723EF0055DE40 /* CoffeeBreakUITestsLaunchTests.swift */ = {isa = PBXFileReference; lastKnownFileType = sourcecode.swift; path = CoffeeBreakUITestsLaunchTests.swift; sourceTree = "<group>"; };
		0119D259278725000055DE40 /* CoffeeItem.swift */ = {isa = PBXFileReference; lastKnownFileType = sourcecode.swift; path = CoffeeItem.swift; sourceTree = "<group>"; };
		0119D25B278725A40055DE40 /* CoffeeMachine.swift */ = {isa = PBXFileReference; lastKnownFileType = sourcecode.swift; path = CoffeeMachine.swift; sourceTree = "<group>"; };
		0119D25D2787272F0055DE40 /* Network.swift */ = {isa = PBXFileReference; lastKnownFileType = sourcecode.swift; path = Network.swift; sourceTree = "<group>"; };
		0119D25F278837940055DE40 /* FinishedCoffee.swift */ = {isa = PBXFileReference; lastKnownFileType = sourcecode.swift; path = FinishedCoffee.swift; sourceTree = "<group>"; };
		0119D263278839FE0055DE40 /* FetchedCoffees.json */ = {isa = PBXFileReference; lastKnownFileType = text.json; path = FetchedCoffees.json; sourceTree = "<group>"; };
		0119D26527883A2A0055DE40 /* MockNetwork.swift */ = {isa = PBXFileReference; lastKnownFileType = sourcecode.swift; path = MockNetwork.swift; sourceTree = "<group>"; };
		0119D26727883FC40055DE40 /* HowManyCoffees.swift */ = {isa = PBXFileReference; lastKnownFileType = sourcecode.swift; path = HowManyCoffees.swift; sourceTree = "<group>"; };
/* End PBXFileReference section */

/* Begin PBXFrameworksBuildPhase section */
		0119D229278723EE0055DE40 /* Frameworks */ = {
			isa = PBXFrameworksBuildPhase;
			buildActionMask = 2147483647;
			files = (
			);
			runOnlyForDeploymentPostprocessing = 0;
		};
		0119D239278723EF0055DE40 /* Frameworks */ = {
			isa = PBXFrameworksBuildPhase;
			buildActionMask = 2147483647;
			files = (
			);
			runOnlyForDeploymentPostprocessing = 0;
		};
		0119D243278723EF0055DE40 /* Frameworks */ = {
			isa = PBXFrameworksBuildPhase;
			buildActionMask = 2147483647;
			files = (
			);
			runOnlyForDeploymentPostprocessing = 0;
		};
/* End PBXFrameworksBuildPhase section */

/* Begin PBXGroup section */
		0119D223278723EE0055DE40 = {
			isa = PBXGroup;
			children = (
				0119D22E278723EE0055DE40 /* CoffeeBreak */,
				0119D23F278723EF0055DE40 /* CoffeeBreakTests */,
				0119D249278723EF0055DE40 /* CoffeeBreakUITests */,
				0119D22D278723EE0055DE40 /* Products */,
			);
			sourceTree = "<group>";
		};
		0119D22D278723EE0055DE40 /* Products */ = {
			isa = PBXGroup;
			children = (
				0119D22C278723EE0055DE40 /* CoffeeBreak.app */,
				0119D23C278723EF0055DE40 /* CoffeeBreakTests.xctest */,
				0119D246278723EF0055DE40 /* CoffeeBreakUITests.xctest */,
			);
			name = Products;
			sourceTree = "<group>";
		};
		0119D22E278723EE0055DE40 /* CoffeeBreak */ = {
			isa = PBXGroup;
			children = (
				0119D22F278723EE0055DE40 /* CoffeeBreakApp.swift */,
				0119D231278723EE0055DE40 /* ContentView.swift */,
				0119D233278723EF0055DE40 /* Assets.xcassets */,
				0119D235278723EF0055DE40 /* Preview Content */,
				0119D259278725000055DE40 /* CoffeeItem.swift */,
				0119D25B278725A40055DE40 /* CoffeeMachine.swift */,
				0119D25D2787272F0055DE40 /* Network.swift */,
				0119D25F278837940055DE40 /* FinishedCoffee.swift */,
				0119D263278839FE0055DE40 /* FetchedCoffees.json */,
				0119D26527883A2A0055DE40 /* MockNetwork.swift */,
				0119D26727883FC40055DE40 /* HowManyCoffees.swift */,
			);
			path = CoffeeBreak;
			sourceTree = "<group>";
		};
		0119D235278723EF0055DE40 /* Preview Content */ = {
			isa = PBXGroup;
			children = (
				0119D236278723EF0055DE40 /* Preview Assets.xcassets */,
			);
			path = "Preview Content";
			sourceTree = "<group>";
		};
		0119D23F278723EF0055DE40 /* CoffeeBreakTests */ = {
			isa = PBXGroup;
			children = (
				0119D240278723EF0055DE40 /* CoffeeBreakTests.swift */,
			);
			path = CoffeeBreakTests;
			sourceTree = "<group>";
		};
		0119D249278723EF0055DE40 /* CoffeeBreakUITests */ = {
			isa = PBXGroup;
			children = (
				0119D24A278723EF0055DE40 /* CoffeeBreakUITests.swift */,
				0119D24C278723EF0055DE40 /* CoffeeBreakUITestsLaunchTests.swift */,
			);
			path = CoffeeBreakUITests;
			sourceTree = "<group>";
		};
/* End PBXGroup section */

/* Begin PBXNativeTarget section */
		0119D22B278723EE0055DE40 /* CoffeeBreak */ = {
			isa = PBXNativeTarget;
			buildConfigurationList = 0119D250278723EF0055DE40 /* Build configuration list for PBXNativeTarget "CoffeeBreak" */;
			buildPhases = (
				0119D228278723EE0055DE40 /* Sources */,
				0119D229278723EE0055DE40 /* Frameworks */,
				0119D22A278723EE0055DE40 /* Resources */,
			);
			buildRules = (
			);
			dependencies = (
			);
			name = CoffeeBreak;
			productName = CoffeeBreak;
			productReference = 0119D22C278723EE0055DE40 /* CoffeeBreak.app */;
			productType = "com.apple.product-type.application";
		};
		0119D23B278723EF0055DE40 /* CoffeeBreakTests */ = {
			isa = PBXNativeTarget;
			buildConfigurationList = 0119D253278723EF0055DE40 /* Build configuration list for PBXNativeTarget "CoffeeBreakTests" */;
			buildPhases = (
				0119D238278723EF0055DE40 /* Sources */,
				0119D239278723EF0055DE40 /* Frameworks */,
				0119D23A278723EF0055DE40 /* Resources */,
			);
			buildRules = (
			);
			dependencies = (
				0119D23E278723EF0055DE40 /* PBXTargetDependency */,
			);
			name = CoffeeBreakTests;
			productName = CoffeeBreakTests;
			productReference = 0119D23C278723EF0055DE40 /* CoffeeBreakTests.xctest */;
			productType = "com.apple.product-type.bundle.unit-test";
		};
		0119D245278723EF0055DE40 /* CoffeeBreakUITests */ = {
			isa = PBXNativeTarget;
			buildConfigurationList = 0119D256278723EF0055DE40 /* Build configuration list for PBXNativeTarget "CoffeeBreakUITests" */;
			buildPhases = (
				0119D242278723EF0055DE40 /* Sources */,
				0119D243278723EF0055DE40 /* Frameworks */,
				0119D244278723EF0055DE40 /* Resources */,
			);
			buildRules = (
			);
			dependencies = (
				0119D248278723EF0055DE40 /* PBXTargetDependency */,
			);
			name = CoffeeBreakUITests;
			productName = CoffeeBreakUITests;
			productReference = 0119D246278723EF0055DE40 /* CoffeeBreakUITests.xctest */;
			productType = "com.apple.product-type.bundle.ui-testing";
		};
/* End PBXNativeTarget section */

/* Begin PBXProject section */
		0119D224278723EE0055DE40 /* Project object */ = {
			isa = PBXProject;
			attributes = {
				BuildIndependentTargetsInParallel = 1;
				LastSwiftUpdateCheck = 1320;
				LastUpgradeCheck = 1320;
				TargetAttributes = {
					0119D22B278723EE0055DE40 = {
						CreatedOnToolsVersion = 13.2;
					};
					0119D23B278723EF0055DE40 = {
						CreatedOnToolsVersion = 13.2;
						TestTargetID = 0119D22B278723EE0055DE40;
					};
					0119D245278723EF0055DE40 = {
						CreatedOnToolsVersion = 13.2;
						TestTargetID = 0119D22B278723EE0055DE40;
					};
				};
			};
			buildConfigurationList = 0119D227278723EE0055DE40 /* Build configuration list for PBXProject "CoffeeBreak" */;
			compatibilityVersion = "Xcode 13.0";
			developmentRegion = en;
			hasScannedForEncodings = 0;
			knownRegions = (
				en,
				Base,
			);
			mainGroup = 0119D223278723EE0055DE40;
			productRefGroup = 0119D22D278723EE0055DE40 /* Products */;
			projectDirPath = "";
			projectRoot = "";
			targets = (
				0119D22B278723EE0055DE40 /* CoffeeBreak */,
				0119D23B278723EF0055DE40 /* CoffeeBreakTests */,
				0119D245278723EF0055DE40 /* CoffeeBreakUITests */,
			);
		};
/* End PBXProject section */

/* Begin PBXResourcesBuildPhase section */
		0119D22A278723EE0055DE40 /* Resources */ = {
			isa = PBXResourcesBuildPhase;
			buildActionMask = 2147483647;
			files = (
				0119D264278839FE0055DE40 /* FetchedCoffees.json in Resources */,
				0119D237278723EF0055DE40 /* Preview Assets.xcassets in Resources */,
				0119D234278723EF0055DE40 /* Assets.xcassets in Resources */,
			);
			runOnlyForDeploymentPostprocessing = 0;
		};
		0119D23A278723EF0055DE40 /* Resources */ = {
			isa = PBXResourcesBuildPhase;
			buildActionMask = 2147483647;
			files = (
			);
			runOnlyForDeploymentPostprocessing = 0;
		};
		0119D244278723EF0055DE40 /* Resources */ = {
			isa = PBXResourcesBuildPhase;
			buildActionMask = 2147483647;
			files = (
			);
			runOnlyForDeploymentPostprocessing = 0;
		};
/* End PBXResourcesBuildPhase section */

/* Begin PBXSourcesBuildPhase section */
		0119D228278723EE0055DE40 /* Sources */ = {
			isa = PBXSourcesBuildPhase;
			buildActionMask = 2147483647;
			files = (
				0119D25E2787272F0055DE40 /* Network.swift in Sources */,
				0119D232278723EE0055DE40 /* ContentView.swift in Sources */,
				0119D25A278725000055DE40 /* CoffeeItem.swift in Sources */,
				0119D230278723EE0055DE40 /* CoffeeBreakApp.swift in Sources */,
				0119D26627883A2A0055DE40 /* MockNetwork.swift in Sources */,
				0119D26827883FC40055DE40 /* HowManyCoffees.swift in Sources */,
				0119D25C278725A40055DE40 /* CoffeeMachine.swift in Sources */,
				0119D260278837940055DE40 /* FinishedCoffee.swift in Sources */,
			);
			runOnlyForDeploymentPostprocessing = 0;
		};
		0119D238278723EF0055DE40 /* Sources */ = {
			isa = PBXSourcesBuildPhase;
			buildActionMask = 2147483647;
			files = (
				0119D241278723EF0055DE40 /* CoffeeBreakTests.swift in Sources */,
			);
			runOnlyForDeploymentPostprocessing = 0;
		};
		0119D242278723EF0055DE40 /* Sources */ = {
			isa = PBXSourcesBuildPhase;
			buildActionMask = 2147483647;
			files = (
				0119D24D278723EF0055DE40 /* CoffeeBreakUITestsLaunchTests.swift in Sources */,
				0119D24B278723EF0055DE40 /* CoffeeBreakUITests.swift in Sources */,
			);
			runOnlyForDeploymentPostprocessing = 0;
		};
/* End PBXSourcesBuildPhase section */

/* Begin PBXTargetDependency section */
		0119D23E278723EF0055DE40 /* PBXTargetDependency */ = {
			isa = PBXTargetDependency;
			target = 0119D22B278723EE0055DE40 /* CoffeeBreak */;
			targetProxy = 0119D23D278723EF0055DE40 /* PBXContainerItemProxy */;
		};
		0119D248278723EF0055DE40 /* PBXTargetDependency */ = {
			isa = PBXTargetDependency;
			target = 0119D22B278723EE0055DE40 /* CoffeeBreak */;
			targetProxy = 0119D247278723EF0055DE40 /* PBXContainerItemProxy */;
		};
/* End PBXTargetDependency section */

/* Begin XCBuildConfiguration section */
		0119D24E278723EF0055DE40 /* Debug */ = {
			isa = XCBuildConfiguration;
			buildSettings = {
				ALWAYS_SEARCH_USER_PATHS = NO;
				CLANG_ANALYZER_NONNULL = YES;
				CLANG_ANALYZER_NUMBER_OBJECT_CONVERSION = YES_AGGRESSIVE;
				CLANG_CXX_LANGUAGE_STANDARD = "gnu++17";
				CLANG_CXX_LIBRARY = "libc++";
				CLANG_ENABLE_MODULES = YES;
				CLANG_ENABLE_OBJC_ARC = YES;
				CLANG_ENABLE_OBJC_WEAK = YES;
				CLANG_WARN_BLOCK_CAPTURE_AUTORELEASING = YES;
				CLANG_WARN_BOOL_CONVERSION = YES;
				CLANG_WARN_COMMA = YES;
				CLANG_WARN_CONSTANT_CONVERSION = YES;
				CLANG_WARN_DEPRECATED_OBJC_IMPLEMENTATIONS = YES;
				CLANG_WARN_DIRECT_OBJC_ISA_USAGE = YES_ERROR;
				CLANG_WARN_DOCUMENTATION_COMMENTS = YES;
				CLANG_WARN_EMPTY_BODY = YES;
				CLANG_WARN_ENUM_CONVERSION = YES;
				CLANG_WARN_INFINITE_RECURSION = YES;
				CLANG_WARN_INT_CONVERSION = YES;
				CLANG_WARN_NON_LITERAL_NULL_CONVERSION = YES;
				CLANG_WARN_OBJC_IMPLICIT_RETAIN_SELF = YES;
				CLANG_WARN_OBJC_LITERAL_CONVERSION = YES;
				CLANG_WARN_OBJC_ROOT_CLASS = YES_ERROR;
				CLANG_WARN_QUOTED_INCLUDE_IN_FRAMEWORK_HEADER = YES;
				CLANG_WARN_RANGE_LOOP_ANALYSIS = YES;
				CLANG_WARN_STRICT_PROTOTYPES = YES;
				CLANG_WARN_SUSPICIOUS_MOVE = YES;
				CLANG_WARN_UNGUARDED_AVAILABILITY = YES_AGGRESSIVE;
				CLANG_WARN_UNREACHABLE_CODE = YES;
				CLANG_WARN__DUPLICATE_METHOD_MATCH = YES;
				COPY_PHASE_STRIP = NO;
				DEBUG_INFORMATION_FORMAT = dwarf;
				ENABLE_STRICT_OBJC_MSGSEND = YES;
				ENABLE_TESTABILITY = YES;
				GCC_C_LANGUAGE_STANDARD = gnu11;
				GCC_DYNAMIC_NO_PIC = NO;
				GCC_NO_COMMON_BLOCKS = YES;
				GCC_OPTIMIZATION_LEVEL = 0;
				GCC_PREPROCESSOR_DEFINITIONS = (
					"DEBUG=1",
					"$(inherited)",
				);
				GCC_WARN_64_TO_32_BIT_CONVERSION = YES;
				GCC_WARN_ABOUT_RETURN_TYPE = YES_ERROR;
				GCC_WARN_UNDECLARED_SELECTOR = YES;
				GCC_WARN_UNINITIALIZED_AUTOS = YES_AGGRESSIVE;
				GCC_WARN_UNUSED_FUNCTION = YES;
				GCC_WARN_UNUSED_VARIABLE = YES;
				IPHONEOS_DEPLOYMENT_TARGET = 15.2;
				MTL_ENABLE_DEBUG_INFO = INCLUDE_SOURCE;
				MTL_FAST_MATH = YES;
				ONLY_ACTIVE_ARCH = YES;
				SDKROOT = iphoneos;
				SWIFT_ACTIVE_COMPILATION_CONDITIONS = DEBUG;
				SWIFT_OPTIMIZATION_LEVEL = "-Onone";
			};
			name = Debug;
		};
		0119D24F278723EF0055DE40 /* Release */ = {
			isa = XCBuildConfiguration;
			buildSettings = {
				ALWAYS_SEARCH_USER_PATHS = NO;
				CLANG_ANALYZER_NONNULL = YES;
				CLANG_ANALYZER_NUMBER_OBJECT_CONVERSION = YES_AGGRESSIVE;
				CLANG_CXX_LANGUAGE_STANDARD = "gnu++17";
				CLANG_CXX_LIBRARY = "libc++";
				CLANG_ENABLE_MODULES = YES;
				CLANG_ENABLE_OBJC_ARC = YES;
				CLANG_ENABLE_OBJC_WEAK = YES;
				CLANG_WARN_BLOCK_CAPTURE_AUTORELEASING = YES;
				CLANG_WARN_BOOL_CONVERSION = YES;
				CLANG_WARN_COMMA = YES;
				CLANG_WARN_CONSTANT_CONVERSION = YES;
				CLANG_WARN_DEPRECATED_OBJC_IMPLEMENTATIONS = YES;
				CLANG_WARN_DIRECT_OBJC_ISA_USAGE = YES_ERROR;
				CLANG_WARN_DOCUMENTATION_COMMENTS = YES;
				CLANG_WARN_EMPTY_BODY = YES;
				CLANG_WARN_ENUM_CONVERSION = YES;
				CLANG_WARN_INFINITE_RECURSION = YES;
				CLANG_WARN_INT_CONVERSION = YES;
				CLANG_WARN_NON_LITERAL_NULL_CONVERSION = YES;
				CLANG_WARN_OBJC_IMPLICIT_RETAIN_SELF = YES;
				CLANG_WARN_OBJC_LITERAL_CONVERSION = YES;
				CLANG_WARN_OBJC_ROOT_CLASS = YES_ERROR;
				CLANG_WARN_QUOTED_INCLUDE_IN_FRAMEWORK_HEADER = YES;
				CLANG_WARN_RANGE_LOOP_ANALYSIS = YES;
				CLANG_WARN_STRICT_PROTOTYPES = YES;
				CLANG_WARN_SUSPICIOUS_MOVE = YES;
				CLANG_WARN_UNGUARDED_AVAILABILITY = YES_AGGRESSIVE;
				CLANG_WARN_UNREACHABLE_CODE = YES;
				CLANG_WARN__DUPLICATE_METHOD_MATCH = YES;
				COPY_PHASE_STRIP = NO;
				DEBUG_INFORMATION_FORMAT = "dwarf-with-dsym";
				ENABLE_NS_ASSERTIONS = NO;
				ENABLE_STRICT_OBJC_MSGSEND = YES;
				GCC_C_LANGUAGE_STANDARD = gnu11;
				GCC_NO_COMMON_BLOCKS = YES;
				GCC_WARN_64_TO_32_BIT_CONVERSION = YES;
				GCC_WARN_ABOUT_RETURN_TYPE = YES_ERROR;
				GCC_WARN_UNDECLARED_SELECTOR = YES;
				GCC_WARN_UNINITIALIZED_AUTOS = YES_AGGRESSIVE;
				GCC_WARN_UNUSED_FUNCTION = YES;
				GCC_WARN_UNUSED_VARIABLE = YES;
				IPHONEOS_DEPLOYMENT_TARGET = 15.2;
				MTL_ENABLE_DEBUG_INFO = NO;
				MTL_FAST_MATH = YES;
				SDKROOT = iphoneos;
				SWIFT_COMPILATION_MODE = wholemodule;
				SWIFT_OPTIMIZATION_LEVEL = "-O";
				VALIDATE_PRODUCT = YES;
			};
			name = Release;
		};
		0119D251278723EF0055DE40 /* Debug */ = {
			isa = XCBuildConfiguration;
			buildSettings = {
				ASSETCATALOG_COMPILER_APPICON_NAME = AppIcon;
				ASSETCATALOG_COMPILER_GLOBAL_ACCENT_COLOR_NAME = AccentColor;
				CODE_SIGN_STYLE = Automatic;
				CURRENT_PROJECT_VERSION = 1;
				DEVELOPMENT_ASSET_PATHS = "\"CoffeeBreak/Preview Content\"";
				DEVELOPMENT_TEAM = F97FE5Z68U;
				ENABLE_PREVIEWS = YES;
				GENERATE_INFOPLIST_FILE = YES;
				INFOPLIST_KEY_UIApplicationSceneManifest_Generation = YES;
				INFOPLIST_KEY_UIApplicationSupportsIndirectInputEvents = YES;
				INFOPLIST_KEY_UILaunchScreen_Generation = YES;
				INFOPLIST_KEY_UISupportedInterfaceOrientations_iPad = "UIInterfaceOrientationPortrait UIInterfaceOrientationPortraitUpsideDown UIInterfaceOrientationLandscapeLeft UIInterfaceOrientationLandscapeRight";
				INFOPLIST_KEY_UISupportedInterfaceOrientations_iPhone = "UIInterfaceOrientationPortrait UIInterfaceOrientationLandscapeLeft UIInterfaceOrientationLandscapeRight";
				LD_RUNPATH_SEARCH_PATHS = (
					"$(inherited)",
					"@executable_path/Frameworks",
				);
				MARKETING_VERSION = 1.0;
				PRODUCT_BUNDLE_IDENTIFIER = nl.patrickrugebregt.CoffeeBreak;
				PRODUCT_NAME = "$(TARGET_NAME)";
				SWIFT_EMIT_LOC_STRINGS = YES;
				SWIFT_VERSION = 5.0;
				TARGETED_DEVICE_FAMILY = "1,2";
			};
			name = Debug;
		};
		0119D252278723EF0055DE40 /* Release */ = {
			isa = XCBuildConfiguration;
			buildSettings = {
				ASSETCATALOG_COMPILER_APPICON_NAME = AppIcon;
				ASSETCATALOG_COMPILER_GLOBAL_ACCENT_COLOR_NAME = AccentColor;
				CODE_SIGN_STYLE = Automatic;
				CURRENT_PROJECT_VERSION = 1;
				DEVELOPMENT_ASSET_PATHS = "\"CoffeeBreak/Preview Content\"";
				DEVELOPMENT_TEAM = F97FE5Z68U;
				ENABLE_PREVIEWS = YES;
				GENERATE_INFOPLIST_FILE = YES;
				INFOPLIST_KEY_UIApplicationSceneManifest_Generation = YES;
				INFOPLIST_KEY_UIApplicationSupportsIndirectInputEvents = YES;
				INFOPLIST_KEY_UILaunchScreen_Generation = YES;
				INFOPLIST_KEY_UISupportedInterfaceOrientations_iPad = "UIInterfaceOrientationPortrait UIInterfaceOrientationPortraitUpsideDown UIInterfaceOrientationLandscapeLeft UIInterfaceOrientationLandscapeRight";
				INFOPLIST_KEY_UISupportedInterfaceOrientations_iPhone = "UIInterfaceOrientationPortrait UIInterfaceOrientationLandscapeLeft UIInterfaceOrientationLandscapeRight";
				LD_RUNPATH_SEARCH_PATHS = (
					"$(inherited)",
					"@executable_path/Frameworks",
				);
				MARKETING_VERSION = 1.0;
				PRODUCT_BUNDLE_IDENTIFIER = nl.patrickrugebregt.CoffeeBreak;
				PRODUCT_NAME = "$(TARGET_NAME)";
				SWIFT_EMIT_LOC_STRINGS = YES;
				SWIFT_VERSION = 5.0;
				TARGETED_DEVICE_FAMILY = "1,2";
			};
			name = Release;
		};
		0119D254278723EF0055DE40 /* Debug */ = {
			isa = XCBuildConfiguration;
			buildSettings = {
				ALWAYS_EMBED_SWIFT_STANDARD_LIBRARIES = YES;
				BUNDLE_LOADER = "$(TEST_HOST)";
				CODE_SIGN_STYLE = Automatic;
				CURRENT_PROJECT_VERSION = 1;
				DEVELOPMENT_TEAM = F97FE5Z68U;
				GENERATE_INFOPLIST_FILE = YES;
				IPHONEOS_DEPLOYMENT_TARGET = 15.2;
				MARKETING_VERSION = 1.0;
				PRODUCT_BUNDLE_IDENTIFIER = nl.patrickrugebregt.CoffeeBreakTests;
				PRODUCT_NAME = "$(TARGET_NAME)";
				SWIFT_EMIT_LOC_STRINGS = NO;
				SWIFT_VERSION = 5.0;
				TARGETED_DEVICE_FAMILY = "1,2";
				TEST_HOST = "$(BUILT_PRODUCTS_DIR)/CoffeeBreak.app/CoffeeBreak";
			};
			name = Debug;
		};
		0119D255278723EF0055DE40 /* Release */ = {
			isa = XCBuildConfiguration;
			buildSettings = {
				ALWAYS_EMBED_SWIFT_STANDARD_LIBRARIES = YES;
				BUNDLE_LOADER = "$(TEST_HOST)";
				CODE_SIGN_STYLE = Automatic;
				CURRENT_PROJECT_VERSION = 1;
				DEVELOPMENT_TEAM = F97FE5Z68U;
				GENERATE_INFOPLIST_FILE = YES;
				IPHONEOS_DEPLOYMENT_TARGET = 15.2;
				MARKETING_VERSION = 1.0;
				PRODUCT_BUNDLE_IDENTIFIER = nl.patrickrugebregt.CoffeeBreakTests;
				PRODUCT_NAME = "$(TARGET_NAME)";
				SWIFT_EMIT_LOC_STRINGS = NO;
				SWIFT_VERSION = 5.0;
				TARGETED_DEVICE_FAMILY = "1,2";
				TEST_HOST = "$(BUILT_PRODUCTS_DIR)/CoffeeBreak.app/CoffeeBreak";
			};
			name = Release;
		};
		0119D257278723EF0055DE40 /* Debug */ = {
			isa = XCBuildConfiguration;
			buildSettings = {
				ALWAYS_EMBED_SWIFT_STANDARD_LIBRARIES = YES;
				CODE_SIGN_STYLE = Automatic;
				CURRENT_PROJECT_VERSION = 1;
				DEVELOPMENT_TEAM = F97FE5Z68U;
				GENERATE_INFOPLIST_FILE = YES;
				MARKETING_VERSION = 1.0;
				PRODUCT_BUNDLE_IDENTIFIER = nl.patrickrugebregt.CoffeeBreakUITests;
				PRODUCT_NAME = "$(TARGET_NAME)";
				SWIFT_EMIT_LOC_STRINGS = NO;
				SWIFT_VERSION = 5.0;
				TARGETED_DEVICE_FAMILY = "1,2";
				TEST_TARGET_NAME = CoffeeBreak;
			};
			name = Debug;
		};
		0119D258278723EF0055DE40 /* Release */ = {
			isa = XCBuildConfiguration;
			buildSettings = {
				ALWAYS_EMBED_SWIFT_STANDARD_LIBRARIES = YES;
				CODE_SIGN_STYLE = Automatic;
				CURRENT_PROJECT_VERSION = 1;
				DEVELOPMENT_TEAM = F97FE5Z68U;
				GENERATE_INFOPLIST_FILE = YES;
				MARKETING_VERSION = 1.0;
				PRODUCT_BUNDLE_IDENTIFIER = nl.patrickrugebregt.CoffeeBreakUITests;
				PRODUCT_NAME = "$(TARGET_NAME)";
				SWIFT_EMIT_LOC_STRINGS = NO;
				SWIFT_VERSION = 5.0;
				TARGETED_DEVICE_FAMILY = "1,2";
				TEST_TARGET_NAME = CoffeeBreak;
			};
			name = Release;
		};
/* End XCBuildConfiguration section */

/* Begin XCConfigurationList section */
		0119D227278723EE0055DE40 /* Build configuration list for PBXProject "CoffeeBreak" */ = {
			isa = XCConfigurationList;
			buildConfigurations = (
				0119D24E278723EF0055DE40 /* Debug */,
				0119D24F278723EF0055DE40 /* Release */,
			);
			defaultConfigurationIsVisible = 0;
			defaultConfigurationName = Release;
		};
		0119D250278723EF0055DE40 /* Build configuration list for PBXNativeTarget "CoffeeBreak" */ = {
			isa = XCConfigurationList;
			buildConfigurations = (
				0119D251278723EF0055DE40 /* Debug */,
				0119D252278723EF0055DE40 /* Release */,
			);
			defaultConfigurationIsVisible = 0;
			defaultConfigurationName = Release;
		};
		0119D253278723EF0055DE40 /* Build configuration list for PBXNativeTarget "CoffeeBreakTests" */ = {
			isa = XCConfigurationList;
			buildConfigurations = (
				0119D254278723EF0055DE40 /* Debug */,
				0119D255278723EF0055DE40 /* Release */,
			);
			defaultConfigurationIsVisible = 0;
			defaultConfigurationName = Release;
		};
		0119D256278723EF0055DE40 /* Build configuration list for PBXNativeTarget "CoffeeBreakUITests" */ = {
			isa = XCConfigurationList;
			buildConfigurations = (
				0119D257278723EF0055DE40 /* Debug */,
				0119D258278723EF0055DE40 /* Release */,
			);
			defaultConfigurationIsVisible = 0;
			defaultConfigurationName = Release;
		};
/* End XCConfigurationList section */
	};
	rootObject = 0119D224278723EE0055DE40 /* Project object */;
}
